// !$*UTF8*$!
{
	archiveVersion = 1;
	classes = {
	};
	objectVersion = 50;
	objects = {

/* Begin PBXBuildFile section */
		E74674082252FA6200324DC1 /* AppDelegate.m in Sources */ = {isa = PBXBuildFile; fileRef = E74674072252FA6200324DC1 /* AppDelegate.m */; };
		E746740B2252FA6200324DC1 /* ViewController.m in Sources */ = {isa = PBXBuildFile; fileRef = E746740A2252FA6200324DC1 /* ViewController.m */; };
		E746740E2252FA6200324DC1 /* Main.storyboard in Resources */ = {isa = PBXBuildFile; fileRef = E746740C2252FA6200324DC1 /* Main.storyboard */; };
		E74674102252FA6400324DC1 /* Assets.xcassets in Resources */ = {isa = PBXBuildFile; fileRef = E746740F2252FA6400324DC1 /* Assets.xcassets */; };
		E74674132252FA6400324DC1 /* LaunchScreen.storyboard in Resources */ = {isa = PBXBuildFile; fileRef = E74674112252FA6400324DC1 /* LaunchScreen.storyboard */; };
		E74674162252FA6400324DC1 /* main.m in Sources */ = {isa = PBXBuildFile; fileRef = E74674152252FA6400324DC1 /* main.m */; };
/* End PBXBuildFile section */

/* Begin PBXFileReference section */
		E74674032252FA6200324DC1 /* ios-planets-objc.app */ = {isa = PBXFileReference; explicitFileType = wrapper.application; includeInIndex = 0; path = "ios-planets-objc.app"; sourceTree = BUILT_PRODUCTS_DIR; };
		E74674062252FA6200324DC1 /* AppDelegate.h */ = {isa = PBXFileReference; lastKnownFileType = sourcecode.c.h; path = AppDelegate.h; sourceTree = "<group>"; };
		E74674072252FA6200324DC1 /* AppDelegate.m */ = {isa = PBXFileReference; lastKnownFileType = sourcecode.c.objc; path = AppDelegate.m; sourceTree = "<group>"; };
		E74674092252FA6200324DC1 /* ViewController.h */ = {isa = PBXFileReference; lastKnownFileType = sourcecode.c.h; path = ViewController.h; sourceTree = "<group>"; };
		E746740A2252FA6200324DC1 /* ViewController.m */ = {isa = PBXFileReference; lastKnownFileType = sourcecode.c.objc; path = ViewController.m; sourceTree = "<group>"; };
		E746740D2252FA6200324DC1 /* Base */ = {isa = PBXFileReference; lastKnownFileType = file.storyboard; name = Base; path = Base.lproj/Main.storyboard; sourceTree = "<group>"; };
		E746740F2252FA6400324DC1 /* Assets.xcassets */ = {isa = PBXFileReference; lastKnownFileType = folder.assetcatalog; path = Assets.xcassets; sourceTree = "<group>"; };
		E74674122252FA6400324DC1 /* Base */ = {isa = PBXFileReference; lastKnownFileType = file.storyboard; name = Base; path = Base.lproj/LaunchScreen.storyboard; sourceTree = "<group>"; };
		E74674142252FA6400324DC1 /* Info.plist */ = {isa = PBXFileReference; lastKnownFileType = text.plist.xml; path = Info.plist; sourceTree = "<group>"; };
		E74674152252FA6400324DC1 /* main.m */ = {isa = PBXFileReference; lastKnownFileType = sourcecode.c.objc; path = main.m; sourceTree = "<group>"; };
/* End PBXFileReference section */

/* Begin PBXFrameworksBuildPhase section */
		E74674002252FA6200324DC1 /* Frameworks */ = {
			isa = PBXFrameworksBuildPhase;
			buildActionMask = 2147483647;
			files = (
			);
			runOnlyForDeploymentPostprocessing = 0;
		};
/* End PBXFrameworksBuildPhase section */

/* Begin PBXGroup section */
		E74673FA2252FA6200324DC1 = {
			isa = PBXGroup;
			children = (
				E74674052252FA6200324DC1 /* ios-planets-objc */,
				E74674042252FA6200324DC1 /* Products */,
			);
			sourceTree = "<group>";
		};
		E74674042252FA6200324DC1 /* Products */ = {
			isa = PBXGroup;
			children = (
				E74674032252FA6200324DC1 /* ios-planets-objc.app */,
			);
			name = Products;
			sourceTree = "<group>";
		};
		E74674052252FA6200324DC1 /* ios-planets-objc */ = {
			isa = PBXGroup;
			children = (
				E74674062252FA6200324DC1 /* AppDelegate.h */,
				E74674072252FA6200324DC1 /* AppDelegate.m */,
				E74674092252FA6200324DC1 /* ViewController.h */,
				E746740A2252FA6200324DC1 /* ViewController.m */,
				E746740C2252FA6200324DC1 /* Main.storyboard */,
				E746740F2252FA6400324DC1 /* Assets.xcassets */,
				E74674112252FA6400324DC1 /* LaunchScreen.storyboard */,
				E74674142252FA6400324DC1 /* Info.plist */,
				E74674152252FA6400324DC1 /* main.m */,
			);
			path = "ios-planets-objc";
			sourceTree = "<group>";
		};
/* End PBXGroup section */

/* Begin PBXNativeTarget section */
		E74674022252FA6200324DC1 /* ios-planets-objc */ = {
			isa = PBXNativeTarget;
			buildConfigurationList = E74674192252FA6400324DC1 /* Build configuration list for PBXNativeTarget "ios-planets-objc" */;
			buildPhases = (
				E74673FF2252FA6200324DC1 /* Sources */,
				E74674002252FA6200324DC1 /* Frameworks */,
				E74674012252FA6200324DC1 /* Resources */,
			);
			buildRules = (
			);
			dependencies = (
			);
			name = "ios-planets-objc";
			productName = "ios-planets-objc";
			productReference = E74674032252FA6200324DC1 /* ios-planets-objc.app */;
			productType = "com.apple.product-type.application";
		};
/* End PBXNativeTarget section */

/* Begin PBXProject section */
		E74673FB2252FA6200324DC1 /* Project object */ = {
			isa = PBXProject;
			attributes = {
				LastUpgradeCheck = 1010;
				ORGANIZATIONNAME = "Cameron Dunn";
				TargetAttributes = {
					E74674022252FA6200324DC1 = {
						CreatedOnToolsVersion = 10.1;
					};
				};
			};
			buildConfigurationList = E74673FE2252FA6200324DC1 /* Build configuration list for PBXProject "ios-planets-objc" */;
			compatibilityVersion = "Xcode 9.3";
			developmentRegion = en;
			hasScannedForEncodings = 0;
			knownRegions = (
				en,
				Base,
			);
			mainGroup = E74673FA2252FA6200324DC1;
			productRefGroup = E74674042252FA6200324DC1 /* Products */;
			projectDirPath = "";
			projectRoot = "";
			targets = (
				E74674022252FA6200324DC1 /* ios-planets-objc */,
			);
		};
/* End PBXProject section */

/* Begin PBXResourcesBuildPhase section */
		E74674012252FA6200324DC1 /* Resources */ = {
			isa = PBXResourcesBuildPhase;
			buildActionMask = 2147483647;
			files = (
				E74674132252FA6400324DC1 /* LaunchScreen.storyboard in Resources */,
				E74674102252FA6400324DC1 /* Assets.xcassets in Resources */,
				E746740E2252FA6200324DC1 /* Main.storyboard in Resources */,
			);
			runOnlyForDeploymentPostprocessing = 0;
		};
/* End PBXResourcesBuildPhase section */

/* Begin PBXSourcesBuildPhase section */
		E74673FF2252FA6200324DC1 /* Sources */ = {
			isa = PBXSourcesBuildPhase;
			buildActionMask = 2147483647;
			files = (
				E746740B2252FA6200324DC1 /* ViewController.m in Sources */,
				E74674162252FA6400324DC1 /* main.m in Sources */,
				E74674082252FA6200324DC1 /* AppDelegate.m in Sources */,
			);
			runOnlyForDeploymentPostprocessing = 0;
		};
/* End PBXSourcesBuildPhase section */

/* Begin PBXVariantGroup section */
		E746740C2252FA6200324DC1 /* Main.storyboard */ = {
			isa = PBXVariantGroup;
			children = (
				E746740D2252FA6200324DC1 /* Base */,
			);
			name = Main.storyboard;
			sourceTree = "<group>";
		};
		E74674112252FA6400324DC1 /* LaunchScreen.storyboard */ = {
			isa = PBXVariantGroup;
			children = (
				E74674122252FA6400324DC1 /* Base */,
			);
			name = LaunchScreen.storyboard;
			sourceTree = "<group>";
		};
/* End PBXVariantGroup section */

/* Begin XCBuildConfiguration section */
		E74674172252FA6400324DC1 /* Debug */ = {
			isa = XCBuildConfiguration;
			buildSettings = {
				ALWAYS_SEARCH_USER_PATHS = NO;
				CLANG_ANALYZER_NONNULL = YES;
				CLANG_ANALYZER_NUMBER_OBJECT_CONVERSION = YES_AGGRESSIVE;
				CLANG_CXX_LANGUAGE_STANDARD = "gnu++14";
				CLANG_CXX_LIBRARY = "libc++";
				CLANG_ENABLE_MODULES = YES;
				CLANG_ENABLE_OBJC_ARC = YES;
				CLANG_ENABLE_OBJC_WEAK = YES;
				CLANG_WARN_BLOCK_CAPTURE_AUTORELEASING = YES;
				CLANG_WARN_BOOL_CONVERSION = YES;
				CLANG_WARN_COMMA = YES;
				CLANG_WARN_CONSTANT_CONVERSION = YES;
				CLANG_WARN_DEPRECATED_OBJC_IMPLEMENTATIONS = YES;
				CLANG_WARN_DIRECT_OBJC_ISA_USAGE = YES_ERROR;
				CLANG_WARN_DOCUMENTATION_COMMENTS = YES;
				CLANG_WARN_EMPTY_BODY = YES;
				CLANG_WARN_ENUM_CONVERSION = YES;
				CLANG_WARN_INFINITE_RECURSION = YES;
				CLANG_WARN_INT_CONVERSION = YES;
				CLANG_WARN_NON_LITERAL_NULL_CONVERSION = YES;
				CLANG_WARN_OBJC_IMPLICIT_RETAIN_SELF = YES;
				CLANG_WARN_OBJC_LITERAL_CONVERSION = YES;
				CLANG_WARN_OBJC_ROOT_CLASS = YES_ERROR;
				CLANG_WARN_RANGE_LOOP_ANALYSIS = YES;
				CLANG_WARN_STRICT_PROTOTYPES = YES;
				CLANG_WARN_SUSPICIOUS_MOVE = YES;
				CLANG_WARN_UNGUARDED_AVAILABILITY = YES_AGGRESSIVE;
				CLANG_WARN_UNREACHABLE_CODE = YES;
				CLANG_WARN__DUPLICATE_METHOD_MATCH = YES;
				CODE_SIGN_IDENTITY = "iPhone Developer";
				COPY_PHASE_STRIP = NO;
				DEBUG_INFORMATION_FORMAT = dwarf;
				ENABLE_STRICT_OBJC_MSGSEND = YES;
				ENABLE_TESTABILITY = YES;
				GCC_C_LANGUAGE_STANDARD = gnu11;
				GCC_DYNAMIC_NO_PIC = NO;
				GCC_NO_COMMON_BLOCKS = YES;
				GCC_OPTIMIZATION_LEVEL = 0;
				GCC_PREPROCESSOR_DEFINITIONS = (
					"DEBUG=1",
					"$(inherited)",
				);
				GCC_WARN_64_TO_32_BIT_CONVERSION = YES;
				GCC_WARN_ABOUT_RETURN_TYPE = YES_ERROR;
				GCC_WARN_UNDECLARED_SELECTOR = YES;
				GCC_WARN_UNINITIALIZED_AUTOS = YES_AGGRESSIVE;
				GCC_WARN_UNUSED_FUNCTION = YES;
				GCC_WARN_UNUSED_VARIABLE = YES;
				IPHONEOS_DEPLOYMENT_TARGET = 12.1;
				MTL_ENABLE_DEBUG_INFO = INCLUDE_SOURCE;
				MTL_FAST_MATH = YES;
				ONLY_ACTIVE_ARCH = YES;
				SDKROOT = iphoneos;
			};
			name = Debug;
		};
		E74674182252FA6400324DC1 /* Release */ = {
			isa = XCBuildConfiguration;
			buildSettings = {
				ALWAYS_SEARCH_USER_PATHS = NO;
				CLANG_ANALYZER_NONNULL = YES;
				CLANG_ANALYZER_NUMBER_OBJECT_CONVERSION = YES_AGGRESSIVE;
				CLANG_CXX_LANGUAGE_STANDARD = "gnu++14";
				CLANG_CXX_LIBRARY = "libc++";
				CLANG_ENABLE_MODULES = YES;
				CLANG_ENABLE_OBJC_ARC = YES;
				CLANG_ENABLE_OBJC_WEAK = YES;
				CLANG_WARN_BLOCK_CAPTURE_AUTORELEASING = YES;
				CLANG_WARN_BOOL_CONVERSION = YES;
				CLANG_WARN_COMMA = YES;
				CLANG_WARN_CONSTANT_CONVERSION = YES;
				CLANG_WARN_DEPRECATED_OBJC_IMPLEMENTATIONS = YES;
				CLANG_WARN_DIRECT_OBJC_ISA_USAGE = YES_ERROR;
				CLANG_WARN_DOCUMENTATION_COMMENTS = YES;
				CLANG_WARN_EMPTY_BODY = YES;
				CLANG_WARN_ENUM_CONVERSION = YES;
				CLANG_WARN_INFINITE_RECURSION = YES;
				CLANG_WARN_INT_CONVERSION = YES;
				CLANG_WARN_NON_LITERAL_NULL_CONVERSION = YES;
				CLANG_WARN_OBJC_IMPLICIT_RETAIN_SELF = YES;
				CLANG_WARN_OBJC_LITERAL_CONVERSION = YES;
				CLANG_WARN_OBJC_ROOT_CLASS = YES_ERROR;
				CLANG_WARN_RANGE_LOOP_ANALYSIS = YES;
				CLANG_WARN_STRICT_PROTOTYPES = YES;
				CLANG_WARN_SUSPICIOUS_MOVE = YES;
				CLANG_WARN_UNGUARDED_AVAILABILITY = YES_AGGRESSIVE;
				CLANG_WARN_UNREACHABLE_CODE = YES;
				CLANG_WARN__DUPLICATE_METHOD_MATCH = YES;
				CODE_SIGN_IDENTITY = "iPhone Developer";
				COPY_PHASE_STRIP = NO;
				DEBUG_INFORMATION_FORMAT = "dwarf-with-dsym";
				ENABLE_NS_ASSERTIONS = NO;
				ENABLE_STRICT_OBJC_MSGSEND = YES;
				GCC_C_LANGUAGE_STANDARD = gnu11;
				GCC_NO_COMMON_BLOCKS = YES;
				GCC_WARN_64_TO_32_BIT_CONVERSION = YES;
				GCC_WARN_ABOUT_RETURN_TYPE = YES_ERROR;
				GCC_WARN_UNDECLARED_SELECTOR = YES;
				GCC_WARN_UNINITIALIZED_AUTOS = YES_AGGRESSIVE;
				GCC_WARN_UNUSED_FUNCTION = YES;
				GCC_WARN_UNUSED_VARIABLE = YES;
				IPHONEOS_DEPLOYMENT_TARGET = 12.1;
				MTL_ENABLE_DEBUG_INFO = NO;
				MTL_FAST_MATH = YES;
				SDKROOT = iphoneos;
				VALIDATE_PRODUCT = YES;
			};
			name = Release;
		};
		E746741A2252FA6400324DC1 /* Debug */ = {
			isa = XCBuildConfiguration;
			buildSettings = {
				ASSETCATALOG_COMPILER_APPICON_NAME = AppIcon;
				CODE_SIGN_STYLE = Automatic;
				DEVELOPMENT_TEAM = TZ89Q545VW;
				INFOPLIST_FILE = "ios-planets-objc/Info.plist";
				LD_RUNPATH_SEARCH_PATHS = (
					"$(inherited)",
					"@executable_path/Frameworks",
				);
				PRODUCT_BUNDLE_IDENTIFIER = "CameronDunn.ios-planets-objc";
				PRODUCT_NAME = "$(TARGET_NAME)";
				TARGETED_DEVICE_FAMILY = "1,2";
			};
			name = Debug;
		};
		E746741B2252FA6400324DC1 /* Release */ = {
			isa = XCBuildConfiguration;
			buildSettings = {
				ASSETCATALOG_COMPILER_APPICON_NAME = AppIcon;
				CODE_SIGN_STYLE = Automatic;
				DEVELOPMENT_TEAM = TZ89Q545VW;
				INFOPLIST_FILE = "ios-planets-objc/Info.plist";
				LD_RUNPATH_SEARCH_PATHS = (
					"$(inherited)",
					"@executable_path/Frameworks",
				);
				PRODUCT_BUNDLE_IDENTIFIER = "CameronDunn.ios-planets-objc";
				PRODUCT_NAME = "$(TARGET_NAME)";
				TARGETED_DEVICE_FAMILY = "1,2";
			};
			name = Release;
		};
/* End XCBuildConfiguration section */

/* Begin XCConfigurationList section */
		E74673FE2252FA6200324DC1 /* Build configuration list for PBXProject "ios-planets-objc" */ = {
			isa = XCConfigurationList;
			buildConfigurations = (
				E74674172252FA6400324DC1 /* Debug */,
				E74674182252FA6400324DC1 /* Release */,
			);
			defaultConfigurationIsVisible = 0;
			defaultConfigurationName = Release;
		};
		E74674192252FA6400324DC1 /* Build configuration list for PBXNativeTarget "ios-planets-objc" */ = {
			isa = XCConfigurationList;
			buildConfigurations = (
				E746741A2252FA6400324DC1 /* Debug */,
				E746741B2252FA6400324DC1 /* Release */,
			);
			defaultConfigurationIsVisible = 0;
			defaultConfigurationName = Release;
		};
/* End XCConfigurationList section */
	};
	rootObject = E74673FB2252FA6200324DC1 /* Project object */;
}
